// !$*UTF8*$!
{
	archiveVersion = 1;
	classes = {
	};
	objectVersion = 46;
	objects = {

/* Begin PBXBuildFile section */
		A13426201F614C3800E63D90 /* AppDelegate.swift in Sources */ = {isa = PBXBuildFile; fileRef = A134261F1F614C3800E63D90 /* AppDelegate.swift */; };
		A13426221F614C3800E63D90 /* ViewController.swift in Sources */ = {isa = PBXBuildFile; fileRef = A13426211F614C3800E63D90 /* ViewController.swift */; };
		A13426251F614C3800E63D90 /* Main.storyboard in Resources */ = {isa = PBXBuildFile; fileRef = A13426231F614C3800E63D90 /* Main.storyboard */; };
		A13426271F614C3800E63D90 /* Assets.xcassets in Resources */ = {isa = PBXBuildFile; fileRef = A13426261F614C3800E63D90 /* Assets.xcassets */; };
		A134262A1F614C3800E63D90 /* LaunchScreen.storyboard in Resources */ = {isa = PBXBuildFile; fileRef = A13426281F614C3800E63D90 /* LaunchScreen.storyboard */; };
		A13426351F614C3800E63D90 /* PayeTests.swift in Sources */ = {isa = PBXBuildFile; fileRef = A13426341F614C3800E63D90 /* PayeTests.swift */; };
		A13426401F614C3900E63D90 /* PayeUITests.swift in Sources */ = {isa = PBXBuildFile; fileRef = A134263F1F614C3900E63D90 /* PayeUITests.swift */; };
/* End PBXBuildFile section */

/* Begin PBXContainerItemProxy section */
		A13426311F614C3800E63D90 /* PBXContainerItemProxy */ = {
			isa = PBXContainerItemProxy;
			containerPortal = A13426141F614C3800E63D90 /* Project object */;
			proxyType = 1;
			remoteGlobalIDString = A134261B1F614C3800E63D90;
			remoteInfo = Paye;
		};
		A134263C1F614C3800E63D90 /* PBXContainerItemProxy */ = {
			isa = PBXContainerItemProxy;
			containerPortal = A13426141F614C3800E63D90 /* Project object */;
			proxyType = 1;
			remoteGlobalIDString = A134261B1F614C3800E63D90;
			remoteInfo = Paye;
		};
/* End PBXContainerItemProxy section */

/* Begin PBXFileReference section */
		A134261C1F614C3800E63D90 /* Paye.app */ = {isa = PBXFileReference; explicitFileType = wrapper.application; includeInIndex = 0; path = Paye.app; sourceTree = BUILT_PRODUCTS_DIR; };
		A134261F1F614C3800E63D90 /* AppDelegate.swift */ = {isa = PBXFileReference; lastKnownFileType = sourcecode.swift; path = AppDelegate.swift; sourceTree = "<group>"; };
		A13426211F614C3800E63D90 /* ViewController.swift */ = {isa = PBXFileReference; lastKnownFileType = sourcecode.swift; path = ViewController.swift; sourceTree = "<group>"; };
		A13426241F614C3800E63D90 /* Base */ = {isa = PBXFileReference; lastKnownFileType = file.storyboard; name = Base; path = Base.lproj/Main.storyboard; sourceTree = "<group>"; };
		A13426261F614C3800E63D90 /* Assets.xcassets */ = {isa = PBXFileReference; lastKnownFileType = folder.assetcatalog; path = Assets.xcassets; sourceTree = "<group>"; };
		A13426291F614C3800E63D90 /* Base */ = {isa = PBXFileReference; lastKnownFileType = file.storyboard; name = Base; path = Base.lproj/LaunchScreen.storyboard; sourceTree = "<group>"; };
		A134262B1F614C3800E63D90 /* Info.plist */ = {isa = PBXFileReference; lastKnownFileType = text.plist.xml; path = Info.plist; sourceTree = "<group>"; };
		A13426301F614C3800E63D90 /* PayeTests.xctest */ = {isa = PBXFileReference; explicitFileType = wrapper.cfbundle; includeInIndex = 0; path = PayeTests.xctest; sourceTree = BUILT_PRODUCTS_DIR; };
		A13426341F614C3800E63D90 /* PayeTests.swift */ = {isa = PBXFileReference; lastKnownFileType = sourcecode.swift; path = PayeTests.swift; sourceTree = "<group>"; };
		A13426361F614C3800E63D90 /* Info.plist */ = {isa = PBXFileReference; lastKnownFileType = text.plist.xml; path = Info.plist; sourceTree = "<group>"; };
		A134263B1F614C3800E63D90 /* PayeUITests.xctest */ = {isa = PBXFileReference; explicitFileType = wrapper.cfbundle; includeInIndex = 0; path = PayeUITests.xctest; sourceTree = BUILT_PRODUCTS_DIR; };
		A134263F1F614C3900E63D90 /* PayeUITests.swift */ = {isa = PBXFileReference; lastKnownFileType = sourcecode.swift; path = PayeUITests.swift; sourceTree = "<group>"; };
		A13426411F614C3900E63D90 /* Info.plist */ = {isa = PBXFileReference; lastKnownFileType = text.plist.xml; path = Info.plist; sourceTree = "<group>"; };
/* End PBXFileReference section */

/* Begin PBXFrameworksBuildPhase section */
		A13426191F614C3800E63D90 /* Frameworks */ = {
			isa = PBXFrameworksBuildPhase;
			buildActionMask = 2147483647;
			files = (
			);
			runOnlyForDeploymentPostprocessing = 0;
		};
		A134262D1F614C3800E63D90 /* Frameworks */ = {
			isa = PBXFrameworksBuildPhase;
			buildActionMask = 2147483647;
			files = (
			);
			runOnlyForDeploymentPostprocessing = 0;
		};
		A13426381F614C3800E63D90 /* Frameworks */ = {
			isa = PBXFrameworksBuildPhase;
			buildActionMask = 2147483647;
			files = (
			);
			runOnlyForDeploymentPostprocessing = 0;
		};
/* End PBXFrameworksBuildPhase section */

/* Begin PBXGroup section */
		A13426131F614C3800E63D90 = {
			isa = PBXGroup;
			children = (
				A134261E1F614C3800E63D90 /* Paye */,
				A13426331F614C3800E63D90 /* PayeTests */,
				A134263E1F614C3900E63D90 /* PayeUITests */,
				A134261D1F614C3800E63D90 /* Products */,
			);
			sourceTree = "<group>";
		};
		A134261D1F614C3800E63D90 /* Products */ = {
			isa = PBXGroup;
			children = (
				A134261C1F614C3800E63D90 /* Paye.app */,
				A13426301F614C3800E63D90 /* PayeTests.xctest */,
				A134263B1F614C3800E63D90 /* PayeUITests.xctest */,
			);
			name = Products;
			sourceTree = "<group>";
		};
		A134261E1F614C3800E63D90 /* Paye */ = {
			isa = PBXGroup;
			children = (
				A134261F1F614C3800E63D90 /* AppDelegate.swift */,
				A13426211F614C3800E63D90 /* ViewController.swift */,
				A13426231F614C3800E63D90 /* Main.storyboard */,
				A13426261F614C3800E63D90 /* Assets.xcassets */,
				A13426281F614C3800E63D90 /* LaunchScreen.storyboard */,
				A134262B1F614C3800E63D90 /* Info.plist */,
			);
			path = Paye;
			sourceTree = "<group>";
		};
		A13426331F614C3800E63D90 /* PayeTests */ = {
			isa = PBXGroup;
			children = (
				A13426341F614C3800E63D90 /* PayeTests.swift */,
				A13426361F614C3800E63D90 /* Info.plist */,
			);
			path = PayeTests;
			sourceTree = "<group>";
		};
		A134263E1F614C3900E63D90 /* PayeUITests */ = {
			isa = PBXGroup;
			children = (
				A134263F1F614C3900E63D90 /* PayeUITests.swift */,
				A13426411F614C3900E63D90 /* Info.plist */,
			);
			path = PayeUITests;
			sourceTree = "<group>";
		};
/* End PBXGroup section */

/* Begin PBXNativeTarget section */
		A134261B1F614C3800E63D90 /* Paye */ = {
			isa = PBXNativeTarget;
			buildConfigurationList = A13426441F614C3900E63D90 /* Build configuration list for PBXNativeTarget "Paye" */;
			buildPhases = (
				A13426181F614C3800E63D90 /* Sources */,
				A13426191F614C3800E63D90 /* Frameworks */,
				A134261A1F614C3800E63D90 /* Resources */,
			);
			buildRules = (
			);
			dependencies = (
			);
			name = Paye;
			productName = Paye;
			productReference = A134261C1F614C3800E63D90 /* Paye.app */;
			productType = "com.apple.product-type.application";
		};
		A134262F1F614C3800E63D90 /* PayeTests */ = {
			isa = PBXNativeTarget;
			buildConfigurationList = A13426471F614C3900E63D90 /* Build configuration list for PBXNativeTarget "PayeTests" */;
			buildPhases = (
				A134262C1F614C3800E63D90 /* Sources */,
				A134262D1F614C3800E63D90 /* Frameworks */,
				A134262E1F614C3800E63D90 /* Resources */,
			);
			buildRules = (
			);
			dependencies = (
				A13426321F614C3800E63D90 /* PBXTargetDependency */,
			);
			name = PayeTests;
			productName = PayeTests;
			productReference = A13426301F614C3800E63D90 /* PayeTests.xctest */;
			productType = "com.apple.product-type.bundle.unit-test";
		};
		A134263A1F614C3800E63D90 /* PayeUITests */ = {
			isa = PBXNativeTarget;
			buildConfigurationList = A134264A1F614C3900E63D90 /* Build configuration list for PBXNativeTarget "PayeUITests" */;
			buildPhases = (
				A13426371F614C3800E63D90 /* Sources */,
				A13426381F614C3800E63D90 /* Frameworks */,
				A13426391F614C3800E63D90 /* Resources */,
			);
			buildRules = (
			);
			dependencies = (
				A134263D1F614C3800E63D90 /* PBXTargetDependency */,
			);
			name = PayeUITests;
			productName = PayeUITests;
			productReference = A134263B1F614C3800E63D90 /* PayeUITests.xctest */;
			productType = "com.apple.product-type.bundle.ui-testing";
		};
/* End PBXNativeTarget section */

/* Begin PBXProject section */
		A13426141F614C3800E63D90 /* Project object */ = {
			isa = PBXProject;
			attributes = {
				LastSwiftUpdateCheck = 0830;
				LastUpgradeCheck = 0830;
				ORGANIZATIONNAME = Apple;
				TargetAttributes = {
					A134261B1F614C3800E63D90 = {
						CreatedOnToolsVersion = 8.3.3;
						ProvisioningStyle = Automatic;
					};
					A134262F1F614C3800E63D90 = {
						CreatedOnToolsVersion = 8.3.3;
						ProvisioningStyle = Automatic;
						TestTargetID = A134261B1F614C3800E63D90;
					};
					A134263A1F614C3800E63D90 = {
						CreatedOnToolsVersion = 8.3.3;
						ProvisioningStyle = Automatic;
						TestTargetID = A134261B1F614C3800E63D90;
					};
				};
			};
			buildConfigurationList = A13426171F614C3800E63D90 /* Build configuration list for PBXProject "Paye" */;
			compatibilityVersion = "Xcode 3.2";
			developmentRegion = English;
			hasScannedForEncodings = 0;
			knownRegions = (
				en,
				Base,
			);
			mainGroup = A13426131F614C3800E63D90;
			productRefGroup = A134261D1F614C3800E63D90 /* Products */;
			projectDirPath = "";
			projectRoot = "";
			targets = (
				A134261B1F614C3800E63D90 /* Paye */,
				A134262F1F614C3800E63D90 /* PayeTests */,
				A134263A1F614C3800E63D90 /* PayeUITests */,
			);
		};
/* End PBXProject section */

/* Begin PBXResourcesBuildPhase section */
		A134261A1F614C3800E63D90 /* Resources */ = {
			isa = PBXResourcesBuildPhase;
			buildActionMask = 2147483647;
			files = (
				A134262A1F614C3800E63D90 /* LaunchScreen.storyboard in Resources */,
				A13426271F614C3800E63D90 /* Assets.xcassets in Resources */,
				A13426251F614C3800E63D90 /* Main.storyboard in Resources */,
			);
			runOnlyForDeploymentPostprocessing = 0;
		};
		A134262E1F614C3800E63D90 /* Resources */ = {
			isa = PBXResourcesBuildPhase;
			buildActionMask = 2147483647;
			files = (
			);
			runOnlyForDeploymentPostprocessing = 0;
		};
		A13426391F614C3800E63D90 /* Resources */ = {
			isa = PBXResourcesBuildPhase;
			buildActionMask = 2147483647;
			files = (
			);
			runOnlyForDeploymentPostprocessing = 0;
		};
/* End PBXResourcesBuildPhase section */

/* Begin PBXSourcesBuildPhase section */
		A13426181F614C3800E63D90 /* Sources */ = {
			isa = PBXSourcesBuildPhase;
			buildActionMask = 2147483647;
			files = (
				A13426221F614C3800E63D90 /* ViewController.swift in Sources */,
				A13426201F614C3800E63D90 /* AppDelegate.swift in Sources */,
			);
			runOnlyForDeploymentPostprocessing = 0;
		};
		A134262C1F614C3800E63D90 /* Sources */ = {
			isa = PBXSourcesBuildPhase;
			buildActionMask = 2147483647;
			files = (
				A13426351F614C3800E63D90 /* PayeTests.swift in Sources */,
			);
			runOnlyForDeploymentPostprocessing = 0;
		};
		A13426371F614C3800E63D90 /* Sources */ = {
			isa = PBXSourcesBuildPhase;
			buildActionMask = 2147483647;
			files = (
				A13426401F614C3900E63D90 /* PayeUITests.swift in Sources */,
			);
			runOnlyForDeploymentPostprocessing = 0;
		};
/* End PBXSourcesBuildPhase section */

/* Begin PBXTargetDependency section */
		A13426321F614C3800E63D90 /* PBXTargetDependency */ = {
			isa = PBXTargetDependency;
			target = A134261B1F614C3800E63D90 /* Paye */;
			targetProxy = A13426311F614C3800E63D90 /* PBXContainerItemProxy */;
		};
		A134263D1F614C3800E63D90 /* PBXTargetDependency */ = {
			isa = PBXTargetDependency;
			target = A134261B1F614C3800E63D90 /* Paye */;
			targetProxy = A134263C1F614C3800E63D90 /* PBXContainerItemProxy */;
		};
/* End PBXTargetDependency section */

/* Begin PBXVariantGroup section */
		A13426231F614C3800E63D90 /* Main.storyboard */ = {
			isa = PBXVariantGroup;
			children = (
				A13426241F614C3800E63D90 /* Base */,
			);
			name = Main.storyboard;
			sourceTree = "<group>";
		};
		A13426281F614C3800E63D90 /* LaunchScreen.storyboard */ = {
			isa = PBXVariantGroup;
			children = (
				A13426291F614C3800E63D90 /* Base */,
			);
			name = LaunchScreen.storyboard;
			sourceTree = "<group>";
		};
/* End PBXVariantGroup section */

/* Begin XCBuildConfiguration section */
		A13426421F614C3900E63D90 /* Debug */ = {
			isa = XCBuildConfiguration;
			buildSettings = {
				ALWAYS_SEARCH_USER_PATHS = NO;
				CLANG_ANALYZER_NONNULL = YES;
				CLANG_ANALYZER_NUMBER_OBJECT_CONVERSION = YES_AGGRESSIVE;
				CLANG_CXX_LANGUAGE_STANDARD = "gnu++0x";
				CLANG_CXX_LIBRARY = "libc++";
				CLANG_ENABLE_MODULES = YES;
				CLANG_ENABLE_OBJC_ARC = YES;
				CLANG_WARN_BOOL_CONVERSION = YES;
				CLANG_WARN_CONSTANT_CONVERSION = YES;
				CLANG_WARN_DIRECT_OBJC_ISA_USAGE = YES_ERROR;
				CLANG_WARN_DOCUMENTATION_COMMENTS = YES;
				CLANG_WARN_EMPTY_BODY = YES;
				CLANG_WARN_ENUM_CONVERSION = YES;
				CLANG_WARN_INFINITE_RECURSION = YES;
				CLANG_WARN_INT_CONVERSION = YES;
				CLANG_WARN_OBJC_ROOT_CLASS = YES_ERROR;
				CLANG_WARN_SUSPICIOUS_MOVE = YES;
				CLANG_WARN_UNREACHABLE_CODE = YES;
				CLANG_WARN__DUPLICATE_METHOD_MATCH = YES;
				"CODE_SIGN_IDENTITY[sdk=iphoneos*]" = "iPhone Developer";
				COPY_PHASE_STRIP = NO;
				DEBUG_INFORMATION_FORMAT = dwarf;
				ENABLE_STRICT_OBJC_MSGSEND = YES;
				ENABLE_TESTABILITY = YES;
				GCC_C_LANGUAGE_STANDARD = gnu99;
				GCC_DYNAMIC_NO_PIC = NO;
				GCC_NO_COMMON_BLOCKS = YES;
				GCC_OPTIMIZATION_LEVEL = 0;
				GCC_PREPROCESSOR_DEFINITIONS = (
					"DEBUG=1",
					"$(inherited)",
				);
				GCC_WARN_64_TO_32_BIT_CONVERSION = YES;
				GCC_WARN_ABOUT_RETURN_TYPE = YES_ERROR;
				GCC_WARN_UNDECLARED_SELECTOR = YES;
				GCC_WARN_UNINITIALIZED_AUTOS = YES_AGGRESSIVE;
				GCC_WARN_UNUSED_FUNCTION = YES;
				GCC_WARN_UNUSED_VARIABLE = YES;
				IPHONEOS_DEPLOYMENT_TARGET = 10.3;
				MTL_ENABLE_DEBUG_INFO = YES;
				ONLY_ACTIVE_ARCH = YES;
				SDKROOT = iphoneos;
				SWIFT_ACTIVE_COMPILATION_CONDITIONS = DEBUG;
				SWIFT_OPTIMIZATION_LEVEL = "-Onone";
				TARGETED_DEVICE_FAMILY = "1,2";
			};
			name = Debug;
		};
		A13426431F614C3900E63D90 /* Release */ = {
			isa = XCBuildConfiguration;
			buildSettings = {
				ALWAYS_SEARCH_USER_PATHS = NO;
				CLANG_ANALYZER_NONNULL = YES;
				CLANG_ANALYZER_NUMBER_OBJECT_CONVERSION = YES_AGGRESSIVE;
				CLANG_CXX_LANGUAGE_STANDARD = "gnu++0x";
				CLANG_CXX_LIBRARY = "libc++";
				CLANG_ENABLE_MODULES = YES;
				CLANG_ENABLE_OBJC_ARC = YES;
				CLANG_WARN_BOOL_CONVERSION = YES;
				CLANG_WARN_CONSTANT_CONVERSION = YES;
				CLANG_WARN_DIRECT_OBJC_ISA_USAGE = YES_ERROR;
				CLANG_WARN_DOCUMENTATION_COMMENTS = YES;
				CLANG_WARN_EMPTY_BODY = YES;
				CLANG_WARN_ENUM_CONVERSION = YES;
				CLANG_WARN_INFINITE_RECURSION = YES;
				CLANG_WARN_INT_CONVERSION = YES;
				CLANG_WARN_OBJC_ROOT_CLASS = YES_ERROR;
				CLANG_WARN_SUSPICIOUS_MOVE = YES;
				CLANG_WARN_UNREACHABLE_CODE = YES;
				CLANG_WARN__DUPLICATE_METHOD_MATCH = YES;
				"CODE_SIGN_IDENTITY[sdk=iphoneos*]" = "iPhone Developer";
				COPY_PHASE_STRIP = NO;
				DEBUG_INFORMATION_FORMAT = "dwarf-with-dsym";
				ENABLE_NS_ASSERTIONS = NO;
				ENABLE_STRICT_OBJC_MSGSEND = YES;
				GCC_C_LANGUAGE_STANDARD = gnu99;
				GCC_NO_COMMON_BLOCKS = YES;
				GCC_WARN_64_TO_32_BIT_CONVERSION = YES;
				GCC_WARN_ABOUT_RETURN_TYPE = YES_ERROR;
				GCC_WARN_UNDECLARED_SELECTOR = YES;
				GCC_WARN_UNINITIALIZED_AUTOS = YES_AGGRESSIVE;
				GCC_WARN_UNUSED_FUNCTION = YES;
				GCC_WARN_UNUSED_VARIABLE = YES;
				IPHONEOS_DEPLOYMENT_TARGET = 10.3;
				MTL_ENABLE_DEBUG_INFO = NO;
				SDKROOT = iphoneos;
				SWIFT_OPTIMIZATION_LEVEL = "-Owholemodule";
				TARGETED_DEVICE_FAMILY = "1,2";
				VALIDATE_PRODUCT = YES;
			};
			name = Release;
		};
		A13426451F614C3900E63D90 /* Debug */ = {
			isa = XCBuildConfiguration;
			buildSettings = {
				ASSETCATALOG_COMPILER_APPICON_NAME = AppIcon;
				INFOPLIST_FILE = Paye/Info.plist;
				LD_RUNPATH_SEARCH_PATHS = "$(inherited) @executable_path/Frameworks";
				PRODUCT_BUNDLE_IDENTIFIER = com.Fortun.Paye;
				PRODUCT_NAME = "$(TARGET_NAME)";
				SWIFT_VERSION = 3.0;
			};
			name = Debug;
		};
		A13426461F614C3900E63D90 /* Release */ = {
			isa = XCBuildConfiguration;
			buildSettings = {
				ASSETCATALOG_COMPILER_APPICON_NAME = AppIcon;
				INFOPLIST_FILE = Paye/Info.plist;
				LD_RUNPATH_SEARCH_PATHS = "$(inherited) @executable_path/Frameworks";
				PRODUCT_BUNDLE_IDENTIFIER = com.Fortun.Paye;
				PRODUCT_NAME = "$(TARGET_NAME)";
				SWIFT_VERSION = 3.0;
			};
			name = Release;
		};
		A13426481F614C3900E63D90 /* Debug */ = {
			isa = XCBuildConfiguration;
			buildSettings = {
				ALWAYS_EMBED_SWIFT_STANDARD_LIBRARIES = YES;
				BUNDLE_LOADER = "$(TEST_HOST)";
				INFOPLIST_FILE = PayeTests/Info.plist;
				LD_RUNPATH_SEARCH_PATHS = "$(inherited) @executable_path/Frameworks @loader_path/Frameworks";
				PRODUCT_BUNDLE_IDENTIFIER = com.Fortun.PayeTests;
				PRODUCT_NAME = "$(TARGET_NAME)";
				SWIFT_VERSION = 3.0;
				TEST_HOST = "$(BUILT_PRODUCTS_DIR)/Paye.app/Paye";
			};
			name = Debug;
		};
		A13426491F614C3900E63D90 /* Release */ = {
			isa = XCBuildConfiguration;
			buildSettings = {
				ALWAYS_EMBED_SWIFT_STANDARD_LIBRARIES = YES;
				BUNDLE_LOADER = "$(TEST_HOST)";
				INFOPLIST_FILE = PayeTests/Info.plist;
				LD_RUNPATH_SEARCH_PATHS = "$(inherited) @executable_path/Frameworks @loader_path/Frameworks";
				PRODUCT_BUNDLE_IDENTIFIER = com.Fortun.PayeTests;
				PRODUCT_NAME = "$(TARGET_NAME)";
				SWIFT_VERSION = 3.0;
				TEST_HOST = "$(BUILT_PRODUCTS_DIR)/Paye.app/Paye";
			};
			name = Release;
		};
		A134264B1F614C3900E63D90 /* Debug */ = {
			isa = XCBuildConfiguration;
			buildSettings = {
				ALWAYS_EMBED_SWIFT_STANDARD_LIBRARIES = YES;
				INFOPLIST_FILE = PayeUITests/Info.plist;
				LD_RUNPATH_SEARCH_PATHS = "$(inherited) @executable_path/Frameworks @loader_path/Frameworks";
				PRODUCT_BUNDLE_IDENTIFIER = com.Fortun.PayeUITests;
				PRODUCT_NAME = "$(TARGET_NAME)";
				SWIFT_VERSION = 3.0;
				TEST_TARGET_NAME = Paye;
			};
			name = Debug;
		};
		A134264C1F614C3900E63D90 /* Release */ = {
			isa = XCBuildConfiguration;
			buildSettings = {
				ALWAYS_EMBED_SWIFT_STANDARD_LIBRARIES = YES;
				INFOPLIST_FILE = PayeUITests/Info.plist;
				LD_RUNPATH_SEARCH_PATHS = "$(inherited) @executable_path/Frameworks @loader_path/Frameworks";
				PRODUCT_BUNDLE_IDENTIFIER = com.Fortun.PayeUITests;
				PRODUCT_NAME = "$(TARGET_NAME)";
				SWIFT_VERSION = 3.0;
				TEST_TARGET_NAME = Paye;
			};
			name = Release;
		};
/* End XCBuildConfiguration section */

/* Begin XCConfigurationList section */
		A13426171F614C3800E63D90 /* Build configuration list for PBXProject "Paye" */ = {
			isa = XCConfigurationList;
			buildConfigurations = (
				A13426421F614C3900E63D90 /* Debug */,
				A13426431F614C3900E63D90 /* Release */,
			);
			defaultConfigurationIsVisible = 0;
			defaultConfigurationName = Release;
		};
		A13426441F614C3900E63D90 /* Build configuration list for PBXNativeTarget "Paye" */ = {
			isa = XCConfigurationList;
			buildConfigurations = (
				A13426451F614C3900E63D90 /* Debug */,
				A13426461F614C3900E63D90 /* Release */,
			);
			defaultConfigurationIsVisible = 0;
		};
		A13426471F614C3900E63D90 /* Build configuration list for PBXNativeTarget "PayeTests" */ = {
			isa = XCConfigurationList;
			buildConfigurations = (
				A13426481F614C3900E63D90 /* Debug */,
				A13426491F614C3900E63D90 /* Release */,
			);
			defaultConfigurationIsVisible = 0;
		};
		A134264A1F614C3900E63D90 /* Build configuration list for PBXNativeTarget "PayeUITests" */ = {
			isa = XCConfigurationList;
			buildConfigurations = (
				A134264B1F614C3900E63D90 /* Debug */,
				A134264C1F614C3900E63D90 /* Release */,
			);
			defaultConfigurationIsVisible = 0;
		};
/* End XCConfigurationList section */
	};
	rootObject = A13426141F614C3800E63D90 /* Project object */;
}
